{
  "name": "fauna-queries",
  "version": "1.0.0",
  "lockfileVersion": 1,
  "requires": true,
  "dependencies": {
    "ambi": {
      "version": "7.3.0",
      "resolved": "https://registry.npmjs.org/ambi/-/ambi-7.3.0.tgz",
      "integrity": "sha512-RwJuvpa3uqyPozisbrvTB3QZfcYRmzcvxx7UIpa6RiORUNuSAORq5CFr0Mj5plFMFqFsdEXHwv2o4o+ubLQE/Q==",
      "requires": {
        "editions": "^2.3.0",
        "typechecker": "^7.0.0"
      }
    },
    "base64-js": {
      "version": "1.3.1",
      "resolved": "https://registry.npmjs.org/base64-js/-/base64-js-1.3.1.tgz",
      "integrity": "sha512-mLQ4i2QO1ytvGWFWmcngKO//JXAQueZvwEKtjgQFM4jIK0kU+ytMfplL8j+n5mspOfjHwoAg+9yhb7BwAHm36g=="
    },
    "btoa-lite": {
      "version": "1.0.0",
      "resolved": "https://registry.npmjs.org/btoa-lite/-/btoa-lite-1.0.0.tgz",
      "integrity": "sha1-M3dm2hWAEhD92VbCLpxokaudAzc="
    },
    "cross-fetch": {
      "version": "3.0.5",
      "resolved": "https://registry.npmjs.org/cross-fetch/-/cross-fetch-3.0.5.tgz",
      "integrity": "sha512-FFLcLtraisj5eteosnX1gf01qYDCOc4fDy0+euOt8Kn9YBY2NtXL/pCoYPavw24NIQkQqm5ZOLsGD5Zzj0gyew==",
      "requires": {
        "node-fetch": "2.6.0"
      }
    },
    "dotenv": {
      "version": "8.2.0",
      "resolved": "https://registry.npmjs.org/dotenv/-/dotenv-8.2.0.tgz",
      "integrity": "sha512-8sJ78ElpbDJBHNeBzUbUVLsqKdccaa/BXF1uPTw3GrvQTBgrQrtObr2mUrE38vzYd8cEv+m/JBfDLioYcfXoaw=="
    },
    "eachr": {
      "version": "4.5.0",
      "resolved": "https://registry.npmjs.org/eachr/-/eachr-4.5.0.tgz",
      "integrity": "sha512-9I664RWp6p8jvcHZIwo7bWaiSaUmA1wNSLKwNZEiaYjqiTARq3cGjyRiIunsopZv4QMmX3T5Hs17QoPAzdYxfg==",
      "requires": {
        "typechecker": "^6.2.0"
      },
      "dependencies": {
        "typechecker": {
          "version": "6.4.0",
          "resolved": "https://registry.npmjs.org/typechecker/-/typechecker-6.4.0.tgz",
          "integrity": "sha512-EbOu+9szY13mhl0EsvLXnR+pTCa3gTHQQPLdce72ujcC9fRHXlVFBNXtHeRhgzLxLlKUh4zA9C0tezLDgshf+A=="
        }
      }
    },
    "editions": {
      "version": "2.3.1",
      "resolved": "https://registry.npmjs.org/editions/-/editions-2.3.1.tgz",
      "integrity": "sha512-ptGvkwTvGdGfC0hfhKg0MT+TRLRKGtUiWGBInxOm5pz7ssADezahjCUaYuZ8Dr+C05FW0AECIIPt4WBxVINEhA==",
      "requires": {
        "errlop": "^2.0.0",
        "semver": "^6.3.0"
      }
    },
    "envfile": {
      "version": "5.2.0",
      "resolved": "https://registry.npmjs.org/envfile/-/envfile-5.2.0.tgz",
      "integrity": "sha512-AvFbXqYw/zZCQLSt3KisBTf42nNAgZ9mkewvTfoPtYuBeIld7UMmNvVQewVu4c0w93STUAfyZZf8DS4jD7JTag==",
      "requires": {
        "ambi": "^7.3.0",
        "eachr": "^4.5.0",
        "editions": "^2.3.0",
        "typechecker": "^7.0.0"
      }
    },
    "errlop": {
      "version": "2.2.0",
      "resolved": "https://registry.npmjs.org/errlop/-/errlop-2.2.0.tgz",
      "integrity": "sha512-e64Qj9+4aZzjzzFpZC7p5kmm/ccCrbLhAJplhsDXQFs87XTsXwOpH4s1Io2s90Tau/8r2j9f4l/thhDevRjzxw=="
    },
    "faunadb": {
      "version": "2.14.2",
      "resolved": "https://registry.npmjs.org/faunadb/-/faunadb-2.14.2.tgz",
      "integrity": "sha512-W7IjQJW2GyFQom6vNidoLHQGtsEd0TiTwGxIKgyKprkuaIOSzbQySPsh6fR1l2K7i8MGLH/EObfjtJnmIX+hkw==",
      "requires": {
        "base64-js": "^1.2.0",
        "btoa-lite": "^1.0.0",
        "cross-fetch": "^3.0.4",
        "dotenv": "^8.2.0",
        "fn-annotate": "^1.1.3",
        "object-assign": "^4.1.0",
        "url-parse": "^1.4.7",
        "util-deprecate": "^1.0.2"
      }
    },
    "fn-annotate": {
      "version": "1.2.0",
      "resolved": "https://registry.npmjs.org/fn-annotate/-/fn-annotate-1.2.0.tgz",
      "integrity": "sha1-KNoAARfephhC/mHzU/Qc9Mk6en4="
    },
    "node-fetch": {
      "version": "2.6.0",
      "resolved": "https://registry.npmjs.org/node-fetch/-/node-fetch-2.6.0.tgz",
      "integrity": "sha512-8dG4H5ujfvFiqDmVu9fQ5bOHUC15JMjMY/Zumv26oOvvVJjM67KF8koCWIabKQ1GJIa9r2mMZscBq/TbdOcmNA=="
    },
    "object-assign": {
      "version": "4.1.1",
      "resolved": "https://registry.npmjs.org/object-assign/-/object-assign-4.1.1.tgz",
      "integrity": "sha1-IQmtx5ZYh8/AXLvUQsrIv7s2CGM="
    },
    "querystringify": {
      "version": "2.1.1",
      "resolved": "https://registry.npmjs.org/querystringify/-/querystringify-2.1.1.tgz",
      "integrity": "sha512-w7fLxIRCRT7U8Qu53jQnJyPkYZIaR4n5151KMfcJlO/A9397Wxb1amJvROTK6TOnp7PfoAmg/qXiNHI+08jRfA=="
    },
    "readline-promise": {
      "version": "1.0.4",
      "resolved": "https://registry.npmjs.org/readline-promise/-/readline-promise-1.0.4.tgz",
      "integrity": "sha512-b6fycDK7CZWpVXbTl8qnW2jovXPduWKpZGyVZbjK/V4A9iiTU4gur+JEkjjgGKLiDZOftkRCT/dxGLG6hR9HyA=="
    },
    "requires-port": {
      "version": "1.0.0",
      "resolved": "https://registry.npmjs.org/requires-port/-/requires-port-1.0.0.tgz",
      "integrity": "sha1-kl0mAdOaxIXgkc8NpcbmlNw9yv8="
    },
    "semver": {
      "version": "6.3.0",
      "resolved": "https://registry.npmjs.org/semver/-/semver-6.3.0.tgz",
      "integrity": "sha512-b39TBaTSfV6yBrapU89p5fKekE2m/NwnDocOVruQFS1/veMgdzuPcnOM34M6CwxW8jH/lxEa5rBoDeUwu5HHTw=="
    },
    "typechecker": {
      "version": "7.6.0",
      "resolved": "https://registry.npmjs.org/typechecker/-/typechecker-7.6.0.tgz",
      "integrity": "sha512-GA3zunbYzM2T5+IRk7z/g85Aqo8bXGrITU5TDh51WJoGPdfuIsyLzWvqBMdW5NxsVxDJgEYxY/xaWRkZoDfBsQ=="
    },
    "url-parse": {
      "version": "1.4.7",
      "resolved": "https://registry.npmjs.org/url-parse/-/url-parse-1.4.7.tgz",
      "integrity": "sha512-d3uaVyzDB9tQoSXFvuSUNFibTd9zxd2bkVrDRvF5TmvWWQwqE4lgYJ5m+x1DbecWkw+LK4RNl2CU1hHuOKPVlg==",
      "requires": {
        "querystringify": "^2.1.1",
        "requires-port": "^1.0.0"
      }
    },
    "util-deprecate": {
      "version": "1.0.2",
      "resolved": "https://registry.npmjs.org/util-deprecate/-/util-deprecate-1.0.2.tgz",
      "integrity": "sha1-RQ1Nyfpw3nMnYvvS1KKJgUGaDM8="
    }
  }
}
